
Microsoft Visual Studio Solution File, Format Version 12.00
# Visual Studio 15
VisualStudioVersion = 15.0.26228.4
MinimumVisualStudioVersion = 10.0.40219.1
Project("{2150E333-8FDC-42A3-9474-1A3956D46DE8}") = "src", "src", "{D2E1F2E4-6811-44F8-AE4F-83262370866E}"
EndProject
Project("{2150E333-8FDC-42A3-9474-1A3956D46DE8}") = "Solution Items", "Solution Items", "{5EDAC522-D886-4F1F-A24A-7E2E1A69AB33}"
EndProject
Project("{9A19103F-16F7-4668-BE54-9A1E7A4F7556}") = "UrlsAndRoutes", "src\UrlsAndRoutes\UrlsAndRoutes.csproj", "{6F462C56-4BFC-47BF-B1E5-59364F76A1F8}"
EndProject
Global
	GlobalSection(SolutionConfigurationPlatforms) = preSolution
		Debug|Any CPU = Debug|Any CPU
		Release|Any CPU = Release|Any CPU
	EndGlobalSection
	GlobalSection(ProjectConfigurationPlatforms) = postSolution
		{6F462C56-4BFC-47BF-B1E5-59364F76A1F8}.Debug|Any CPU.ActiveCfg = Debug|Any CPU
		{6F462C56-4BFC-47BF-B1E5-59364F76A1F8}.Debug|Any CPU.Build.0 = Debug|Any CPU
		{6F462C56-4BFC-47BF-B1E5-59364F76A1F8}.Release|Any CPU.ActiveCfg = Release|Any CPU
		{6F462C56-4BFC-47BF-B1E5-59364F76A1F8}.Release|Any CPU.Build.0 = Release|Any CPU
	EndGlobalSection
	GlobalSection(SolutionProperties) = preSolution
		HideSolutionNode = FALSE
	EndGlobalSection
	GlobalSection(NestedProjects) = preSolution
		{6F462C56-4BFC-47BF-B1E5-59364F76A1F8} = {D2E1F2E4-6811-44F8-AE4F-83262370866E}
	EndGlobalSection
EndGlobal
